// !$*UTF8*$!
{
	archiveVersion = 1;
	classes = {
	};
	objectVersion = 50;
	objects = {

/* Begin PBXBuildFile section */
		53AF7E7726B98EBD0057D8B1 /* AppDelegate.swift in Sources */ = {isa = PBXBuildFile; fileRef = 53AF7E7626B98EBD0057D8B1 /* AppDelegate.swift */; };
		53AF7E7926B98EBD0057D8B1 /* SceneDelegate.swift in Sources */ = {isa = PBXBuildFile; fileRef = 53AF7E7826B98EBD0057D8B1 /* SceneDelegate.swift */; };
		53AF7E7B26B98EBD0057D8B1 /* ViewController.swift in Sources */ = {isa = PBXBuildFile; fileRef = 53AF7E7A26B98EBD0057D8B1 /* ViewController.swift */; };
		53AF7E7E26B98EBD0057D8B1 /* Main.storyboard in Resources */ = {isa = PBXBuildFile; fileRef = 53AF7E7C26B98EBD0057D8B1 /* Main.storyboard */; };
		53AF7E8126B98EBD0057D8B1 /* redoGitSetup.xcdatamodeld in Sources */ = {isa = PBXBuildFile; fileRef = 53AF7E7F26B98EBD0057D8B1 /* redoGitSetup.xcdatamodeld */; };
		53AF7E8326B98EBF0057D8B1 /* Assets.xcassets in Resources */ = {isa = PBXBuildFile; fileRef = 53AF7E8226B98EBF0057D8B1 /* Assets.xcassets */; };
		53AF7E8626B98EBF0057D8B1 /* LaunchScreen.storyboard in Resources */ = {isa = PBXBuildFile; fileRef = 53AF7E8426B98EBF0057D8B1 /* LaunchScreen.storyboard */; };
		53AF7E9126B98EBF0057D8B1 /* redoGitSetupTests.swift in Sources */ = {isa = PBXBuildFile; fileRef = 53AF7E9026B98EBF0057D8B1 /* redoGitSetupTests.swift */; };
		53AF7E9C26B98EBF0057D8B1 /* redoGitSetupUITests.swift in Sources */ = {isa = PBXBuildFile; fileRef = 53AF7E9B26B98EBF0057D8B1 /* redoGitSetupUITests.swift */; };
/* End PBXBuildFile section */

/* Begin PBXContainerItemProxy section */
		53AF7E8D26B98EBF0057D8B1 /* PBXContainerItemProxy */ = {
			isa = PBXContainerItemProxy;
			containerPortal = 53AF7E6B26B98EBD0057D8B1 /* Project object */;
			proxyType = 1;
			remoteGlobalIDString = 53AF7E7226B98EBD0057D8B1;
			remoteInfo = redoGitSetup;
		};
		53AF7E9826B98EBF0057D8B1 /* PBXContainerItemProxy */ = {
			isa = PBXContainerItemProxy;
			containerPortal = 53AF7E6B26B98EBD0057D8B1 /* Project object */;
			proxyType = 1;
			remoteGlobalIDString = 53AF7E7226B98EBD0057D8B1;
			remoteInfo = redoGitSetup;
		};
/* End PBXContainerItemProxy section */

/* Begin PBXFileReference section */
		53AF7E7326B98EBD0057D8B1 /* redoGitSetup.app */ = {isa = PBXFileReference; explicitFileType = wrapper.application; includeInIndex = 0; path = redoGitSetup.app; sourceTree = BUILT_PRODUCTS_DIR; };
		53AF7E7626B98EBD0057D8B1 /* AppDelegate.swift */ = {isa = PBXFileReference; lastKnownFileType = sourcecode.swift; path = AppDelegate.swift; sourceTree = "<group>"; };
		53AF7E7826B98EBD0057D8B1 /* SceneDelegate.swift */ = {isa = PBXFileReference; lastKnownFileType = sourcecode.swift; path = SceneDelegate.swift; sourceTree = "<group>"; };
		53AF7E7A26B98EBD0057D8B1 /* ViewController.swift */ = {isa = PBXFileReference; lastKnownFileType = sourcecode.swift; path = ViewController.swift; sourceTree = "<group>"; };
		53AF7E7D26B98EBD0057D8B1 /* Base */ = {isa = PBXFileReference; lastKnownFileType = file.storyboard; name = Base; path = Base.lproj/Main.storyboard; sourceTree = "<group>"; };
		53AF7E8026B98EBD0057D8B1 /* redoGitSetup.xcdatamodel */ = {isa = PBXFileReference; lastKnownFileType = wrapper.xcdatamodel; path = redoGitSetup.xcdatamodel; sourceTree = "<group>"; };
		53AF7E8226B98EBF0057D8B1 /* Assets.xcassets */ = {isa = PBXFileReference; lastKnownFileType = folder.assetcatalog; path = Assets.xcassets; sourceTree = "<group>"; };
		53AF7E8526B98EBF0057D8B1 /* Base */ = {isa = PBXFileReference; lastKnownFileType = file.storyboard; name = Base; path = Base.lproj/LaunchScreen.storyboard; sourceTree = "<group>"; };
		53AF7E8726B98EBF0057D8B1 /* Info.plist */ = {isa = PBXFileReference; lastKnownFileType = text.plist.xml; path = Info.plist; sourceTree = "<group>"; };
		53AF7E8C26B98EBF0057D8B1 /* redoGitSetupTests.xctest */ = {isa = PBXFileReference; explicitFileType = wrapper.cfbundle; includeInIndex = 0; path = redoGitSetupTests.xctest; sourceTree = BUILT_PRODUCTS_DIR; };
		53AF7E9026B98EBF0057D8B1 /* redoGitSetupTests.swift */ = {isa = PBXFileReference; lastKnownFileType = sourcecode.swift; path = redoGitSetupTests.swift; sourceTree = "<group>"; };
		53AF7E9226B98EBF0057D8B1 /* Info.plist */ = {isa = PBXFileReference; lastKnownFileType = text.plist.xml; path = Info.plist; sourceTree = "<group>"; };
		53AF7E9726B98EBF0057D8B1 /* redoGitSetupUITests.xctest */ = {isa = PBXFileReference; explicitFileType = wrapper.cfbundle; includeInIndex = 0; path = redoGitSetupUITests.xctest; sourceTree = BUILT_PRODUCTS_DIR; };
		53AF7E9B26B98EBF0057D8B1 /* redoGitSetupUITests.swift */ = {isa = PBXFileReference; lastKnownFileType = sourcecode.swift; path = redoGitSetupUITests.swift; sourceTree = "<group>"; };
		53AF7E9D26B98EBF0057D8B1 /* Info.plist */ = {isa = PBXFileReference; lastKnownFileType = text.plist.xml; path = Info.plist; sourceTree = "<group>"; };
/* End PBXFileReference section */

/* Begin PBXFrameworksBuildPhase section */
		53AF7E7026B98EBD0057D8B1 /* Frameworks */ = {
			isa = PBXFrameworksBuildPhase;
			buildActionMask = 2147483647;
			files = (
			);
			runOnlyForDeploymentPostprocessing = 0;
		};
		53AF7E8926B98EBF0057D8B1 /* Frameworks */ = {
			isa = PBXFrameworksBuildPhase;
			buildActionMask = 2147483647;
			files = (
			);
			runOnlyForDeploymentPostprocessing = 0;
		};
		53AF7E9426B98EBF0057D8B1 /* Frameworks */ = {
			isa = PBXFrameworksBuildPhase;
			buildActionMask = 2147483647;
			files = (
			);
			runOnlyForDeploymentPostprocessing = 0;
		};
/* End PBXFrameworksBuildPhase section */

/* Begin PBXGroup section */
		53AF7E6A26B98EBD0057D8B1 = {
			isa = PBXGroup;
			children = (
				53AF7E7526B98EBD0057D8B1 /* redoGitSetup */,
				53AF7E8F26B98EBF0057D8B1 /* redoGitSetupTests */,
				53AF7E9A26B98EBF0057D8B1 /* redoGitSetupUITests */,
				53AF7E7426B98EBD0057D8B1 /* Products */,
			);
			sourceTree = "<group>";
		};
		53AF7E7426B98EBD0057D8B1 /* Products */ = {
			isa = PBXGroup;
			children = (
				53AF7E7326B98EBD0057D8B1 /* redoGitSetup.app */,
				53AF7E8C26B98EBF0057D8B1 /* redoGitSetupTests.xctest */,
				53AF7E9726B98EBF0057D8B1 /* redoGitSetupUITests.xctest */,
			);
			name = Products;
			sourceTree = "<group>";
		};
		53AF7E7526B98EBD0057D8B1 /* redoGitSetup */ = {
			isa = PBXGroup;
			children = (
				53AF7E7626B98EBD0057D8B1 /* AppDelegate.swift */,
				53AF7E7826B98EBD0057D8B1 /* SceneDelegate.swift */,
				53AF7E7A26B98EBD0057D8B1 /* ViewController.swift */,
				53AF7E7C26B98EBD0057D8B1 /* Main.storyboard */,
				53AF7E8226B98EBF0057D8B1 /* Assets.xcassets */,
				53AF7E8426B98EBF0057D8B1 /* LaunchScreen.storyboard */,
				53AF7E8726B98EBF0057D8B1 /* Info.plist */,
				53AF7E7F26B98EBD0057D8B1 /* redoGitSetup.xcdatamodeld */,
			);
			path = redoGitSetup;
			sourceTree = "<group>";
		};
		53AF7E8F26B98EBF0057D8B1 /* redoGitSetupTests */ = {
			isa = PBXGroup;
			children = (
				53AF7E9026B98EBF0057D8B1 /* redoGitSetupTests.swift */,
				53AF7E9226B98EBF0057D8B1 /* Info.plist */,
			);
			path = redoGitSetupTests;
			sourceTree = "<group>";
		};
		53AF7E9A26B98EBF0057D8B1 /* redoGitSetupUITests */ = {
			isa = PBXGroup;
			children = (
				53AF7E9B26B98EBF0057D8B1 /* redoGitSetupUITests.swift */,
				53AF7E9D26B98EBF0057D8B1 /* Info.plist */,
			);
			path = redoGitSetupUITests;
			sourceTree = "<group>";
		};
/* End PBXGroup section */

/* Begin PBXNativeTarget section */
		53AF7E7226B98EBD0057D8B1 /* redoGitSetup */ = {
			isa = PBXNativeTarget;
			buildConfigurationList = 53AF7EA026B98EBF0057D8B1 /* Build configuration list for PBXNativeTarget "redoGitSetup" */;
			buildPhases = (
				53AF7E6F26B98EBD0057D8B1 /* Sources */,
				53AF7E7026B98EBD0057D8B1 /* Frameworks */,
				53AF7E7126B98EBD0057D8B1 /* Resources */,
			);
			buildRules = (
			);
			dependencies = (
			);
			name = redoGitSetup;
			productName = redoGitSetup;
			productReference = 53AF7E7326B98EBD0057D8B1 /* redoGitSetup.app */;
			productType = "com.apple.product-type.application";
		};
		53AF7E8B26B98EBF0057D8B1 /* redoGitSetupTests */ = {
			isa = PBXNativeTarget;
			buildConfigurationList = 53AF7EA326B98EBF0057D8B1 /* Build configuration list for PBXNativeTarget "redoGitSetupTests" */;
			buildPhases = (
				53AF7E8826B98EBF0057D8B1 /* Sources */,
				53AF7E8926B98EBF0057D8B1 /* Frameworks */,
				53AF7E8A26B98EBF0057D8B1 /* Resources */,
			);
			buildRules = (
			);
			dependencies = (
				53AF7E8E26B98EBF0057D8B1 /* PBXTargetDependency */,
			);
			name = redoGitSetupTests;
			productName = redoGitSetupTests;
			productReference = 53AF7E8C26B98EBF0057D8B1 /* redoGitSetupTests.xctest */;
			productType = "com.apple.product-type.bundle.unit-test";
		};
		53AF7E9626B98EBF0057D8B1 /* redoGitSetupUITests */ = {
			isa = PBXNativeTarget;
			buildConfigurationList = 53AF7EA626B98EBF0057D8B1 /* Build configuration list for PBXNativeTarget "redoGitSetupUITests" */;
			buildPhases = (
				53AF7E9326B98EBF0057D8B1 /* Sources */,
				53AF7E9426B98EBF0057D8B1 /* Frameworks */,
				53AF7E9526B98EBF0057D8B1 /* Resources */,
			);
			buildRules = (
			);
			dependencies = (
				53AF7E9926B98EBF0057D8B1 /* PBXTargetDependency */,
			);
			name = redoGitSetupUITests;
			productName = redoGitSetupUITests;
			productReference = 53AF7E9726B98EBF0057D8B1 /* redoGitSetupUITests.xctest */;
			productType = "com.apple.product-type.bundle.ui-testing";
		};
/* End PBXNativeTarget section */

/* Begin PBXProject section */
		53AF7E6B26B98EBD0057D8B1 /* Project object */ = {
			isa = PBXProject;
			attributes = {
				LastSwiftUpdateCheck = 1250;
				LastUpgradeCheck = 1250;
				TargetAttributes = {
					53AF7E7226B98EBD0057D8B1 = {
						CreatedOnToolsVersion = 12.5.1;
					};
					53AF7E8B26B98EBF0057D8B1 = {
						CreatedOnToolsVersion = 12.5.1;
						TestTargetID = 53AF7E7226B98EBD0057D8B1;
					};
					53AF7E9626B98EBF0057D8B1 = {
						CreatedOnToolsVersion = 12.5.1;
						TestTargetID = 53AF7E7226B98EBD0057D8B1;
					};
				};
			};
			buildConfigurationList = 53AF7E6E26B98EBD0057D8B1 /* Build configuration list for PBXProject "redoGitSetup" */;
			compatibilityVersion = "Xcode 9.3";
			developmentRegion = en;
			hasScannedForEncodings = 0;
			knownRegions = (
				en,
				Base,
			);
			mainGroup = 53AF7E6A26B98EBD0057D8B1;
			productRefGroup = 53AF7E7426B98EBD0057D8B1 /* Products */;
			projectDirPath = "";
			projectRoot = "";
			targets = (
				53AF7E7226B98EBD0057D8B1 /* redoGitSetup */,
				53AF7E8B26B98EBF0057D8B1 /* redoGitSetupTests */,
				53AF7E9626B98EBF0057D8B1 /* redoGitSetupUITests */,
			);
		};
/* End PBXProject section */

/* Begin PBXResourcesBuildPhase section */
		53AF7E7126B98EBD0057D8B1 /* Resources */ = {
			isa = PBXResourcesBuildPhase;
			buildActionMask = 2147483647;
			files = (
				53AF7E8626B98EBF0057D8B1 /* LaunchScreen.storyboard in Resources */,
				53AF7E8326B98EBF0057D8B1 /* Assets.xcassets in Resources */,
				53AF7E7E26B98EBD0057D8B1 /* Main.storyboard in Resources */,
			);
			runOnlyForDeploymentPostprocessing = 0;
		};
		53AF7E8A26B98EBF0057D8B1 /* Resources */ = {
			isa = PBXResourcesBuildPhase;
			buildActionMask = 2147483647;
			files = (
			);
			runOnlyForDeploymentPostprocessing = 0;
		};
		53AF7E9526B98EBF0057D8B1 /* Resources */ = {
			isa = PBXResourcesBuildPhase;
			buildActionMask = 2147483647;
			files = (
			);
			runOnlyForDeploymentPostprocessing = 0;
		};
/* End PBXResourcesBuildPhase section */

/* Begin PBXSourcesBuildPhase section */
		53AF7E6F26B98EBD0057D8B1 /* Sources */ = {
			isa = PBXSourcesBuildPhase;
			buildActionMask = 2147483647;
			files = (
				53AF7E8126B98EBD0057D8B1 /* redoGitSetup.xcdatamodeld in Sources */,
				53AF7E7B26B98EBD0057D8B1 /* ViewController.swift in Sources */,
				53AF7E7726B98EBD0057D8B1 /* AppDelegate.swift in Sources */,
				53AF7E7926B98EBD0057D8B1 /* SceneDelegate.swift in Sources */,
			);
			runOnlyForDeploymentPostprocessing = 0;
		};
		53AF7E8826B98EBF0057D8B1 /* Sources */ = {
			isa = PBXSourcesBuildPhase;
			buildActionMask = 2147483647;
			files = (
				53AF7E9126B98EBF0057D8B1 /* redoGitSetupTests.swift in Sources */,
			);
			runOnlyForDeploymentPostprocessing = 0;
		};
		53AF7E9326B98EBF0057D8B1 /* Sources */ = {
			isa = PBXSourcesBuildPhase;
			buildActionMask = 2147483647;
			files = (
				53AF7E9C26B98EBF0057D8B1 /* redoGitSetupUITests.swift in Sources */,
			);
			runOnlyForDeploymentPostprocessing = 0;
		};
/* End PBXSourcesBuildPhase section */

/* Begin PBXTargetDependency section */
		53AF7E8E26B98EBF0057D8B1 /* PBXTargetDependency */ = {
			isa = PBXTargetDependency;
			target = 53AF7E7226B98EBD0057D8B1 /* redoGitSetup */;
			targetProxy = 53AF7E8D26B98EBF0057D8B1 /* PBXContainerItemProxy */;
		};
		53AF7E9926B98EBF0057D8B1 /* PBXTargetDependency */ = {
			isa = PBXTargetDependency;
			target = 53AF7E7226B98EBD0057D8B1 /* redoGitSetup */;
			targetProxy = 53AF7E9826B98EBF0057D8B1 /* PBXContainerItemProxy */;
		};
/* End PBXTargetDependency section */

/* Begin PBXVariantGroup section */
		53AF7E7C26B98EBD0057D8B1 /* Main.storyboard */ = {
			isa = PBXVariantGroup;
			children = (
				53AF7E7D26B98EBD0057D8B1 /* Base */,
			);
			name = Main.storyboard;
			sourceTree = "<group>";
		};
		53AF7E8426B98EBF0057D8B1 /* LaunchScreen.storyboard */ = {
			isa = PBXVariantGroup;
			children = (
				53AF7E8526B98EBF0057D8B1 /* Base */,
			);
			name = LaunchScreen.storyboard;
			sourceTree = "<group>";
		};
/* End PBXVariantGroup section */

/* Begin XCBuildConfiguration section */
		53AF7E9E26B98EBF0057D8B1 /* Debug */ = {
			isa = XCBuildConfiguration;
			buildSettings = {
				ALWAYS_SEARCH_USER_PATHS = NO;
				CLANG_ANALYZER_NONNULL = YES;
				CLANG_ANALYZER_NUMBER_OBJECT_CONVERSION = YES_AGGRESSIVE;
				CLANG_CXX_LANGUAGE_STANDARD = "gnu++14";
				CLANG_CXX_LIBRARY = "libc++";
				CLANG_ENABLE_MODULES = YES;
				CLANG_ENABLE_OBJC_ARC = YES;
				CLANG_ENABLE_OBJC_WEAK = YES;
				CLANG_WARN_BLOCK_CAPTURE_AUTORELEASING = YES;
				CLANG_WARN_BOOL_CONVERSION = YES;
				CLANG_WARN_COMMA = YES;
				CLANG_WARN_CONSTANT_CONVERSION = YES;
				CLANG_WARN_DEPRECATED_OBJC_IMPLEMENTATIONS = YES;
				CLANG_WARN_DIRECT_OBJC_ISA_USAGE = YES_ERROR;
				CLANG_WARN_DOCUMENTATION_COMMENTS = YES;
				CLANG_WARN_EMPTY_BODY = YES;
				CLANG_WARN_ENUM_CONVERSION = YES;
				CLANG_WARN_INFINITE_RECURSION = YES;
				CLANG_WARN_INT_CONVERSION = YES;
				CLANG_WARN_NON_LITERAL_NULL_CONVERSION = YES;
				CLANG_WARN_OBJC_IMPLICIT_RETAIN_SELF = YES;
				CLANG_WARN_OBJC_LITERAL_CONVERSION = YES;
				CLANG_WARN_OBJC_ROOT_CLASS = YES_ERROR;
				CLANG_WARN_QUOTED_INCLUDE_IN_FRAMEWORK_HEADER = YES;
				CLANG_WARN_RANGE_LOOP_ANALYSIS = YES;
				CLANG_WARN_STRICT_PROTOTYPES = YES;
				CLANG_WARN_SUSPICIOUS_MOVE = YES;
				CLANG_WARN_UNGUARDED_AVAILABILITY = YES_AGGRESSIVE;
				CLANG_WARN_UNREACHABLE_CODE = YES;
				CLANG_WARN__DUPLICATE_METHOD_MATCH = YES;
				COPY_PHASE_STRIP = NO;
				DEBUG_INFORMATION_FORMAT = dwarf;
				ENABLE_STRICT_OBJC_MSGSEND = YES;
				ENABLE_TESTABILITY = YES;
				GCC_C_LANGUAGE_STANDARD = gnu11;
				GCC_DYNAMIC_NO_PIC = NO;
				GCC_NO_COMMON_BLOCKS = YES;
				GCC_OPTIMIZATION_LEVEL = 0;
				GCC_PREPROCESSOR_DEFINITIONS = (
					"DEBUG=1",
					"$(inherited)",
				);
				GCC_WARN_64_TO_32_BIT_CONVERSION = YES;
				GCC_WARN_ABOUT_RETURN_TYPE = YES_ERROR;
				GCC_WARN_UNDECLARED_SELECTOR = YES;
				GCC_WARN_UNINITIALIZED_AUTOS = YES_AGGRESSIVE;
				GCC_WARN_UNUSED_FUNCTION = YES;
				GCC_WARN_UNUSED_VARIABLE = YES;
				IPHONEOS_DEPLOYMENT_TARGET = 14.5;
				MTL_ENABLE_DEBUG_INFO = INCLUDE_SOURCE;
				MTL_FAST_MATH = YES;
				ONLY_ACTIVE_ARCH = YES;
				SDKROOT = iphoneos;
				SWIFT_ACTIVE_COMPILATION_CONDITIONS = DEBUG;
				SWIFT_OPTIMIZATION_LEVEL = "-Onone";
			};
			name = Debug;
		};
		53AF7E9F26B98EBF0057D8B1 /* Release */ = {
			isa = XCBuildConfiguration;
			buildSettings = {
				ALWAYS_SEARCH_USER_PATHS = NO;
				CLANG_ANALYZER_NONNULL = YES;
				CLANG_ANALYZER_NUMBER_OBJECT_CONVERSION = YES_AGGRESSIVE;
				CLANG_CXX_LANGUAGE_STANDARD = "gnu++14";
				CLANG_CXX_LIBRARY = "libc++";
				CLANG_ENABLE_MODULES = YES;
				CLANG_ENABLE_OBJC_ARC = YES;
				CLANG_ENABLE_OBJC_WEAK = YES;
				CLANG_WARN_BLOCK_CAPTURE_AUTORELEASING = YES;
				CLANG_WARN_BOOL_CONVERSION = YES;
				CLANG_WARN_COMMA = YES;
				CLANG_WARN_CONSTANT_CONVERSION = YES;
				CLANG_WARN_DEPRECATED_OBJC_IMPLEMENTATIONS = YES;
				CLANG_WARN_DIRECT_OBJC_ISA_USAGE = YES_ERROR;
				CLANG_WARN_DOCUMENTATION_COMMENTS = YES;
				CLANG_WARN_EMPTY_BODY = YES;
				CLANG_WARN_ENUM_CONVERSION = YES;
				CLANG_WARN_INFINITE_RECURSION = YES;
				CLANG_WARN_INT_CONVERSION = YES;
				CLANG_WARN_NON_LITERAL_NULL_CONVERSION = YES;
				CLANG_WARN_OBJC_IMPLICIT_RETAIN_SELF = YES;
				CLANG_WARN_OBJC_LITERAL_CONVERSION = YES;
				CLANG_WARN_OBJC_ROOT_CLASS = YES_ERROR;
				CLANG_WARN_QUOTED_INCLUDE_IN_FRAMEWORK_HEADER = YES;
				CLANG_WARN_RANGE_LOOP_ANALYSIS = YES;
				CLANG_WARN_STRICT_PROTOTYPES = YES;
				CLANG_WARN_SUSPICIOUS_MOVE = YES;
				CLANG_WARN_UNGUARDED_AVAILABILITY = YES_AGGRESSIVE;
				CLANG_WARN_UNREACHABLE_CODE = YES;
				CLANG_WARN__DUPLICATE_METHOD_MATCH = YES;
				COPY_PHASE_STRIP = NO;
				DEBUG_INFORMATION_FORMAT = "dwarf-with-dsym";
				ENABLE_NS_ASSERTIONS = NO;
				ENABLE_STRICT_OBJC_MSGSEND = YES;
				GCC_C_LANGUAGE_STANDARD = gnu11;
				GCC_NO_COMMON_BLOCKS = YES;
				GCC_WARN_64_TO_32_BIT_CONVERSION = YES;
				GCC_WARN_ABOUT_RETURN_TYPE = YES_ERROR;
				GCC_WARN_UNDECLARED_SELECTOR = YES;
				GCC_WARN_UNINITIALIZED_AUTOS = YES_AGGRESSIVE;
				GCC_WARN_UNUSED_FUNCTION = YES;
				GCC_WARN_UNUSED_VARIABLE = YES;
				IPHONEOS_DEPLOYMENT_TARGET = 14.5;
				MTL_ENABLE_DEBUG_INFO = NO;
				MTL_FAST_MATH = YES;
				SDKROOT = iphoneos;
				SWIFT_COMPILATION_MODE = wholemodule;
				SWIFT_OPTIMIZATION_LEVEL = "-O";
				VALIDATE_PRODUCT = YES;
			};
			name = Release;
		};
		53AF7EA126B98EBF0057D8B1 /* Debug */ = {
			isa = XCBuildConfiguration;
			buildSettings = {
				ASSETCATALOG_COMPILER_APPICON_NAME = AppIcon;
				ASSETCATALOG_COMPILER_GLOBAL_ACCENT_COLOR_NAME = AccentColor;
				CODE_SIGN_STYLE = Automatic;
				INFOPLIST_FILE = redoGitSetup/Info.plist;
				LD_RUNPATH_SEARCH_PATHS = (
					"$(inherited)",
					"@executable_path/Frameworks",
				);
				PRODUCT_BUNDLE_IDENTIFIER = KWK.redoGitSetup;
				PRODUCT_NAME = "$(TARGET_NAME)";
				SWIFT_VERSION = 5.0;
				TARGETED_DEVICE_FAMILY = "1,2";
			};
			name = Debug;
		};
		53AF7EA226B98EBF0057D8B1 /* Release */ = {
			isa = XCBuildConfiguration;
			buildSettings = {
				ASSETCATALOG_COMPILER_APPICON_NAME = AppIcon;
				ASSETCATALOG_COMPILER_GLOBAL_ACCENT_COLOR_NAME = AccentColor;
				CODE_SIGN_STYLE = Automatic;
				INFOPLIST_FILE = redoGitSetup/Info.plist;
				LD_RUNPATH_SEARCH_PATHS = (
					"$(inherited)",
					"@executable_path/Frameworks",
				);
				PRODUCT_BUNDLE_IDENTIFIER = KWK.redoGitSetup;
				PRODUCT_NAME = "$(TARGET_NAME)";
				SWIFT_VERSION = 5.0;
				TARGETED_DEVICE_FAMILY = "1,2";
			};
			name = Release;
		};
		53AF7EA426B98EBF0057D8B1 /* Debug */ = {
			isa = XCBuildConfiguration;
			buildSettings = {
				ALWAYS_EMBED_SWIFT_STANDARD_LIBRARIES = YES;
				BUNDLE_LOADER = "$(TEST_HOST)";
				CODE_SIGN_STYLE = Automatic;
				INFOPLIST_FILE = redoGitSetupTests/Info.plist;
				IPHONEOS_DEPLOYMENT_TARGET = 14.5;
				LD_RUNPATH_SEARCH_PATHS = (
					"$(inherited)",
					"@executable_path/Frameworks",
					"@loader_path/Frameworks",
				);
				PRODUCT_BUNDLE_IDENTIFIER = KWK.redoGitSetupTests;
				PRODUCT_NAME = "$(TARGET_NAME)";
				SWIFT_VERSION = 5.0;
				TARGETED_DEVICE_FAMILY = "1,2";
				TEST_HOST = "$(BUILT_PRODUCTS_DIR)/redoGitSetup.app/redoGitSetup";
			};
			name = Debug;
		};
		53AF7EA526B98EBF0057D8B1 /* Release */ = {
			isa = XCBuildConfiguration;
			buildSettings = {
				ALWAYS_EMBED_SWIFT_STANDARD_LIBRARIES = YES;
				BUNDLE_LOADER = "$(TEST_HOST)";
				CODE_SIGN_STYLE = Automatic;
				INFOPLIST_FILE = redoGitSetupTests/Info.plist;
				IPHONEOS_DEPLOYMENT_TARGET = 14.5;
				LD_RUNPATH_SEARCH_PATHS = (
					"$(inherited)",
					"@executable_path/Frameworks",
					"@loader_path/Frameworks",
				);
				PRODUCT_BUNDLE_IDENTIFIER = KWK.redoGitSetupTests;
				PRODUCT_NAME = "$(TARGET_NAME)";
				SWIFT_VERSION = 5.0;
				TARGETED_DEVICE_FAMILY = "1,2";
				TEST_HOST = "$(BUILT_PRODUCTS_DIR)/redoGitSetup.app/redoGitSetup";
			};
			name = Release;
		};
		53AF7EA726B98EBF0057D8B1 /* Debug */ = {
			isa = XCBuildConfiguration;
			buildSettings = {
				ALWAYS_EMBED_SWIFT_STANDARD_LIBRARIES = YES;
				CODE_SIGN_STYLE = Automatic;
				INFOPLIST_FILE = redoGitSetupUITests/Info.plist;
				LD_RUNPATH_SEARCH_PATHS = (
					"$(inherited)",
					"@executable_path/Frameworks",
					"@loader_path/Frameworks",
				);
				PRODUCT_BUNDLE_IDENTIFIER = KWK.redoGitSetupUITests;
				PRODUCT_NAME = "$(TARGET_NAME)";
				SWIFT_VERSION = 5.0;
				TARGETED_DEVICE_FAMILY = "1,2";
				TEST_TARGET_NAME = redoGitSetup;
			};
			name = Debug;
		};
		53AF7EA826B98EBF0057D8B1 /* Release */ = {
			isa = XCBuildConfiguration;
			buildSettings = {
				ALWAYS_EMBED_SWIFT_STANDARD_LIBRARIES = YES;
				CODE_SIGN_STYLE = Automatic;
				INFOPLIST_FILE = redoGitSetupUITests/Info.plist;
				LD_RUNPATH_SEARCH_PATHS = (
					"$(inherited)",
					"@executable_path/Frameworks",
					"@loader_path/Frameworks",
				);
				PRODUCT_BUNDLE_IDENTIFIER = KWK.redoGitSetupUITests;
				PRODUCT_NAME = "$(TARGET_NAME)";
				SWIFT_VERSION = 5.0;
				TARGETED_DEVICE_FAMILY = "1,2";
				TEST_TARGET_NAME = redoGitSetup;
			};
			name = Release;
		};
/* End XCBuildConfiguration section */

/* Begin XCConfigurationList section */
		53AF7E6E26B98EBD0057D8B1 /* Build configuration list for PBXProject "redoGitSetup" */ = {
			isa = XCConfigurationList;
			buildConfigurations = (
				53AF7E9E26B98EBF0057D8B1 /* Debug */,
				53AF7E9F26B98EBF0057D8B1 /* Release */,
			);
			defaultConfigurationIsVisible = 0;
			defaultConfigurationName = Release;
		};
		53AF7EA026B98EBF0057D8B1 /* Build configuration list for PBXNativeTarget "redoGitSetup" */ = {
			isa = XCConfigurationList;
			buildConfigurations = (
				53AF7EA126B98EBF0057D8B1 /* Debug */,
				53AF7EA226B98EBF0057D8B1 /* Release */,
			);
			defaultConfigurationIsVisible = 0;
			defaultConfigurationName = Release;
		};
		53AF7EA326B98EBF0057D8B1 /* Build configuration list for PBXNativeTarget "redoGitSetupTests" */ = {
			isa = XCConfigurationList;
			buildConfigurations = (
				53AF7EA426B98EBF0057D8B1 /* Debug */,
				53AF7EA526B98EBF0057D8B1 /* Release */,
			);
			defaultConfigurationIsVisible = 0;
			defaultConfigurationName = Release;
		};
		53AF7EA626B98EBF0057D8B1 /* Build configuration list for PBXNativeTarget "redoGitSetupUITests" */ = {
			isa = XCConfigurationList;
			buildConfigurations = (
				53AF7EA726B98EBF0057D8B1 /* Debug */,
				53AF7EA826B98EBF0057D8B1 /* Release */,
			);
			defaultConfigurationIsVisible = 0;
			defaultConfigurationName = Release;
		};
/* End XCConfigurationList section */

/* Begin XCVersionGroup section */
		53AF7E7F26B98EBD0057D8B1 /* redoGitSetup.xcdatamodeld */ = {
			isa = XCVersionGroup;
			children = (
				53AF7E8026B98EBD0057D8B1 /* redoGitSetup.xcdatamodel */,
			);
			currentVersion = 53AF7E8026B98EBD0057D8B1 /* redoGitSetup.xcdatamodel */;
			path = redoGitSetup.xcdatamodeld;
			sourceTree = "<group>";
			versionGroupType = wrapper.xcdatamodel;
		};
/* End XCVersionGroup section */
	};
	rootObject = 53AF7E6B26B98EBD0057D8B1 /* Project object */;
}
